
Microsoft Visual Studio Solution File, Format Version 12.00
# Visual Studio Version 17
VisualStudioVersion = 17.8.34316.72
MinimumVisualStudioVersion = 10.0.40219.1
Project("{9A19103F-16F7-4668-BE54-9A1E7A4F7556}") = "Todos.Domain", "Todos.Domain\Todos.Domain.csproj", "{85728C90-87AC-4D47-94A2-575FE9AECBAA}"
EndProject
Project("{9A19103F-16F7-4668-BE54-9A1E7A4F7556}") = "Todos.Services", "Todos.Services\Todos.Services.csproj", "{75C75526-969E-4E71-83CF-17060D1D0DEF}"
EndProject
Project("{9A19103F-16F7-4668-BE54-9A1E7A4F7556}") = "Users.Api", "Users.Api\Users.Api.csproj", "{571DE150-EE9B-4051-8860-E111E77FC0B8}"
EndProject
Project("{9A19103F-16F7-4668-BE54-9A1E7A4F7556}") = "Users.Services", "Users.Services\Users.Services.csproj", "{347E73ED-53D5-4096-A8FC-C05CA0B09410}"
EndProject
Project("{9A19103F-16F7-4668-BE54-9A1E7A4F7556}") = "Common.Repositiories", "Common.Repositiories\Common.Repositiories.csproj", "{9DFC324D-755E-49C7-9EF7-01E587A369F2}"
EndProject
Project("{9A19103F-16F7-4668-BE54-9A1E7A4F7556}") = "Common.Domain", "Common.Domain\Common.Domain.csproj", "{242DA90C-4B02-4454-A646-11DB99843E4F}"
EndProject
Project("{2150E333-8FDC-42A3-9474-1A3956D46DE8}") = "Todos", "Todos", "{277E8DE9-E6AD-46D4-931F-102B11D30FD6}"
EndProject
Project("{2150E333-8FDC-42A3-9474-1A3956D46DE8}") = "Users", "Users", "{038B7292-D456-4749-B09E-22DCED3A57C5}"
EndProject
Project("{9A19103F-16F7-4668-BE54-9A1E7A4F7556}") = "Todos.Api", "Todos.Api\Todos.Api.csproj", "{B5533F9E-8577-45D3-A094-00CF1B1D9602}"
EndProject
Project("{9A19103F-16F7-4668-BE54-9A1E7A4F7556}") = "Common.Api", "Common.Api\Common.Api.csproj", "{DD3B2DF2-4224-4400-8039-3CC7069DFCE4}"
EndProject
Project("{FAE04EC0-301F-11D3-BF4B-00C04F79EFBC}") = "Common.BL", "Common.BL\Common.BL.csproj", "{87FC3837-2FD3-4AC3-AE80-8B21903F5833}"
EndProject
Global
	GlobalSection(SolutionConfigurationPlatforms) = preSolution
		Debug|Any CPU = Debug|Any CPU
		Release|Any CPU = Release|Any CPU
	EndGlobalSection
	GlobalSection(ProjectConfigurationPlatforms) = postSolution
		{85728C90-87AC-4D47-94A2-575FE9AECBAA}.Debug|Any CPU.ActiveCfg = Debug|Any CPU
		{85728C90-87AC-4D47-94A2-575FE9AECBAA}.Debug|Any CPU.Build.0 = Debug|Any CPU
		{85728C90-87AC-4D47-94A2-575FE9AECBAA}.Release|Any CPU.ActiveCfg = Release|Any CPU
		{85728C90-87AC-4D47-94A2-575FE9AECBAA}.Release|Any CPU.Build.0 = Release|Any CPU
		{75C75526-969E-4E71-83CF-17060D1D0DEF}.Debug|Any CPU.ActiveCfg = Debug|Any CPU
		{75C75526-969E-4E71-83CF-17060D1D0DEF}.Debug|Any CPU.Build.0 = Debug|Any CPU
		{75C75526-969E-4E71-83CF-17060D1D0DEF}.Release|Any CPU.ActiveCfg = Release|Any CPU
		{75C75526-969E-4E71-83CF-17060D1D0DEF}.Release|Any CPU.Build.0 = Release|Any CPU
		{571DE150-EE9B-4051-8860-E111E77FC0B8}.Debug|Any CPU.ActiveCfg = Debug|Any CPU
		{571DE150-EE9B-4051-8860-E111E77FC0B8}.Debug|Any CPU.Build.0 = Debug|Any CPU
		{571DE150-EE9B-4051-8860-E111E77FC0B8}.Release|Any CPU.ActiveCfg = Release|Any CPU
		{571DE150-EE9B-4051-8860-E111E77FC0B8}.Release|Any CPU.Build.0 = Release|Any CPU
		{347E73ED-53D5-4096-A8FC-C05CA0B09410}.Debug|Any CPU.ActiveCfg = Debug|Any CPU
		{347E73ED-53D5-4096-A8FC-C05CA0B09410}.Debug|Any CPU.Build.0 = Debug|Any CPU
		{347E73ED-53D5-4096-A8FC-C05CA0B09410}.Release|Any CPU.ActiveCfg = Release|Any CPU
		{347E73ED-53D5-4096-A8FC-C05CA0B09410}.Release|Any CPU.Build.0 = Release|Any CPU
		{9DFC324D-755E-49C7-9EF7-01E587A369F2}.Debug|Any CPU.ActiveCfg = Debug|Any CPU
		{9DFC324D-755E-49C7-9EF7-01E587A369F2}.Debug|Any CPU.Build.0 = Debug|Any CPU
		{9DFC324D-755E-49C7-9EF7-01E587A369F2}.Release|Any CPU.ActiveCfg = Release|Any CPU
		{9DFC324D-755E-49C7-9EF7-01E587A369F2}.Release|Any CPU.Build.0 = Release|Any CPU
		{242DA90C-4B02-4454-A646-11DB99843E4F}.Debug|Any CPU.ActiveCfg = Debug|Any CPU
		{242DA90C-4B02-4454-A646-11DB99843E4F}.Debug|Any CPU.Build.0 = Debug|Any CPU
		{242DA90C-4B02-4454-A646-11DB99843E4F}.Release|Any CPU.ActiveCfg = Release|Any CPU
		{242DA90C-4B02-4454-A646-11DB99843E4F}.Release|Any CPU.Build.0 = Release|Any CPU
		{B5533F9E-8577-45D3-A094-00CF1B1D9602}.Debug|Any CPU.ActiveCfg = Debug|Any CPU
		{B5533F9E-8577-45D3-A094-00CF1B1D9602}.Debug|Any CPU.Build.0 = Debug|Any CPU
		{B5533F9E-8577-45D3-A094-00CF1B1D9602}.Release|Any CPU.ActiveCfg = Release|Any CPU
		{B5533F9E-8577-45D3-A094-00CF1B1D9602}.Release|Any CPU.Build.0 = Release|Any CPU
		{DD3B2DF2-4224-4400-8039-3CC7069DFCE4}.Debug|Any CPU.ActiveCfg = Debug|Any CPU
		{DD3B2DF2-4224-4400-8039-3CC7069DFCE4}.Debug|Any CPU.Build.0 = Debug|Any CPU
		{DD3B2DF2-4224-4400-8039-3CC7069DFCE4}.Release|Any CPU.ActiveCfg = Release|Any CPU
		{DD3B2DF2-4224-4400-8039-3CC7069DFCE4}.Release|Any CPU.Build.0 = Release|Any CPU
		{87FC3837-2FD3-4AC3-AE80-8B21903F5833}.Debug|Any CPU.ActiveCfg = Debug|Any CPU
		{87FC3837-2FD3-4AC3-AE80-8B21903F5833}.Debug|Any CPU.Build.0 = Debug|Any CPU
		{87FC3837-2FD3-4AC3-AE80-8B21903F5833}.Release|Any CPU.ActiveCfg = Release|Any CPU
		{87FC3837-2FD3-4AC3-AE80-8B21903F5833}.Release|Any CPU.Build.0 = Release|Any CPU
	EndGlobalSection
	GlobalSection(SolutionProperties) = preSolution
		HideSolutionNode = FALSE
	EndGlobalSection
	GlobalSection(NestedProjects) = preSolution
		{85728C90-87AC-4D47-94A2-575FE9AECBAA} = {277E8DE9-E6AD-46D4-931F-102B11D30FD6}
		{75C75526-969E-4E71-83CF-17060D1D0DEF} = {277E8DE9-E6AD-46D4-931F-102B11D30FD6}
		{571DE150-EE9B-4051-8860-E111E77FC0B8} = {038B7292-D456-4749-B09E-22DCED3A57C5}
		{347E73ED-53D5-4096-A8FC-C05CA0B09410} = {038B7292-D456-4749-B09E-22DCED3A57C5}
		{B5533F9E-8577-45D3-A094-00CF1B1D9602} = {277E8DE9-E6AD-46D4-931F-102B11D30FD6}
	EndGlobalSection
	GlobalSection(ExtensibilityGlobals) = postSolution
		SolutionGuid = {C536DC8A-5AD8-4AB7-83A9-60CB3F720739}
	EndGlobalSection
EndGlobal
